<?xml version="1.0" encoding="utf-8"?>
<Project ToolsVersion="4.0" xmlns="http://schemas.microsoft.com/developer/msbuild/2003">
  <ItemGroup>
    <ClCompile Include="src\testApp.cpp">
      <Filter>src</Filter>
    </ClCompile>
    <ClCompile Include="src\main.cpp">
      <Filter>src</Filter>
    </ClCompile>
  </ItemGroup>
  <ItemGroup>
    <Filter Include="src">
      <UniqueIdentifier>{d8376475-7454-4a24-b08a-aac121d3ad6f}</UniqueIdentifier>
    </Filter>
    <Filter Include="addons">
      <UniqueIdentifier>{71834f65-f3a9-211e-73b8-dc8563776aec}</UniqueIdentifier>
    </Filter>
    <Filter Include="addons\ofxNavigation">
      <UniqueIdentifier>{937203b2-9a31-ea51-1e18-05dcc48c505f}</UniqueIdentifier>
    </Filter>
    <Filter Include="addons\ofxNavigation\src">
      <UniqueIdentifier>{c2295e4c-067d-4d63-be92-0edf17500855}</UniqueIdentifier>
    </Filter>
  </ItemGroup>
  <ItemGroup>
    <ClInclude Include="src\testApp.h">
      <Filter>src</Filter>
    </ClInclude>
    <ClInclude Include="..\..\..\addons\ofxNavigation\src\ofxNavigation.h">
      <Filter>addons\ofxNavigation\src</Filter>
    </ClInclude>
    <ClInclude Include="src\page.h">
      <Filter>src</Filter>
    </ClInclude>
    <ClInclude Include="src\subPage.h">
      <Filter>src</Filter>
    </ClInclude>
  </ItemGroup>
</Project>